
Microsoft Visual Studio Solution File, Format Version 12.00
# Visual Studio Version 17
VisualStudioVersion = 17.3.32819.101
MinimumVisualStudioVersion = 10.0.40219.1
Project("{FAE04EC0-301F-11D3-BF4B-00C04F79EFBC}") = "gruppuppgift", "gruppuppgift.csproj", "{9393D090-85FA-4406-91FC-CC0C8247F0FA}"
EndProject
Global
	GlobalSection(SolutionConfigurationPlatforms) = preSolution
		Debug|Any CPU = Debug|Any CPU
		Release|Any CPU = Release|Any CPU
	EndGlobalSection
	GlobalSection(ProjectConfigurationPlatforms) = postSolution
		{9393D090-85FA-4406-91FC-CC0C8247F0FA}.Debug|Any CPU.ActiveCfg = Debug|Any CPU
		{9393D090-85FA-4406-91FC-CC0C8247F0FA}.Debug|Any CPU.Build.0 = Debug|Any CPU
		{9393D090-85FA-4406-91FC-CC0C8247F0FA}.Release|Any CPU.ActiveCfg = Release|Any CPU
		{9393D090-85FA-4406-91FC-CC0C8247F0FA}.Release|Any CPU.Build.0 = Release|Any CPU
	EndGlobalSection
	GlobalSection(SolutionProperties) = preSolution
		HideSolutionNode = FALSE
	EndGlobalSection
	GlobalSection(ExtensibilityGlobals) = postSolution
		SolutionGuid = {45F658EB-F04D-431D-82C0-D6E43437D151}
	EndGlobalSection
EndGlobal
